# @generated by Move, please check-in and do not edit manually.

[move]
version = 3
manifest_digest = "7551E4CE37A7EC671756324EA39441F0108D34441A2148D60B34D9B6092CCBFD"
deps_digest = "3C4103934B1E040BB6B23F1D610B4EF9F2F1166A50A104EADCF77467C004C600"
dependencies = [
  { id = "Iota", name = "Iota" },
  { id = "MoveStdlib", name = "MoveStdlib" },
]

[[move.package]]
id = "Iota"
source = { git = "https://github.com/iotaledger/iota.git", rev = "testnet", subdir = "crates/iota-framework/packages/iota-framework" }

dependencies = [
  { id = "MoveStdlib", name = "MoveStdlib" },
]

[[move.package]]
id = "MoveStdlib"
source = { git = "https://github.com/iotaledger/iota.git", rev = "testnet", subdir = "crates\\iota-framework\\packages\\move-stdlib" }

[move.toolchain-version]
compiler-version = "1.2.3"
edition = "2024.beta"
flavor = "iota"

[env]

[env.testnet]
chain-id = "2304aa97"
original-published-id = "0x6d0a0fb6c0b8d256f2be04947f512ab3bb8957438410a297138853eee06dfce5"
latest-published-id = "0x6d0a0fb6c0b8d256f2be04947f512ab3bb8957438410a297138853eee06dfce5"
published-version = "1"
